{
  "requires": true,
  "lockfileVersion": 1,
  "dependencies": {
    "async-content-loader": {
      "version": "1.0.1",
      "resolved": "https://registry.npmjs.org/async-content-loader/-/async-content-loader-1.0.1.tgz",
      "integrity": "sha512-QsuXfMXrZkYn4UdPNeJM2YCqd8gCMVpAKv5hx5IFgOcJ5JRyjhW3biOkTSatKqBR0gO0PwYI0ZELUMsu1BS6Iw=="
    },
    "browser-messages": {
      "version": "1.0.1",
      "resolved": "https://registry.npmjs.org/browser-messages/-/browser-messages-1.0.1.tgz",
      "integrity": "sha512-UfLalhsr/4V4P6n6atcy44D6Bes4MrxYDPM78XW4p5lqlczFrpNbnVL439M/wdyXb1Oj3jZA1z09fCxcYkd4fQ=="
    },
    "es-class-router": {
      "version": "1.0.2",
      "resolved": "https://registry.npmjs.org/es-class-router/-/es-class-router-1.0.2.tgz",
      "integrity": "sha512-iCz5UU3TYf+s4WeDI0SN7MkLCaeSUgYKBrmuXRX6nsYXFIGclM0+SpfvV5wQ2MkRw/aYG/ZASWO/RfTYwaMCgQ==",
      "requires": {
        "browser-messages": "^1.0.1",
        "safe-ops": "^1.0.1"
      }
    },
    "safe-ops": {
      "version": "1.0.1",
      "resolved": "https://registry.npmjs.org/safe-ops/-/safe-ops-1.0.1.tgz",
      "integrity": "sha512-mPn6tbfYERiRwZ3kJgrEUrQrVSxvA2mZL6I20jYgVNlu3/OcHUMcfSS2EyA3xSiPJ/c2WaLMQaVoOCCoPVJ1pA=="
    }
  }
}
