{
  "name": "auth-frontend",
  "version": "1.0.0",
  "lockfileVersion": 1,
  "requires": true,
  "dependencies": {
    "async-content-loader": {
      "version": "1.0.5",
      "resolved": "https://registry.npmjs.org/async-content-loader/-/async-content-loader-1.0.5.tgz",
      "integrity": "sha512-06ZQjoFxPo69ArpKY0PfCmFdwOm9x6/BhlqJz9HySnz9j4PrTwupTWFt63r/gu5J15BcS4IJWNGIreBeM0dpXQ=="
    },
    "balanced-match": {
      "version": "1.0.0",
      "resolved": "https://registry.npmjs.org/balanced-match/-/balanced-match-1.0.0.tgz",
      "integrity": "sha1-ibTRmasr7kneFk6gK4nORi1xt2c="
    },
    "brace-expansion": {
      "version": "1.1.11",
      "resolved": "https://registry.npmjs.org/brace-expansion/-/brace-expansion-1.1.11.tgz",
      "integrity": "sha512-iCuPHDFgrHX7H2vEI/5xpz07zSHB00TpugqhmYtVmMO6518mCuRMoOYFldEBl0g187ufozdaHgWKcYFb61qGiA==",
      "requires": {
        "balanced-match": "^1.0.0",
        "concat-map": "0.0.1"
      }
    },
    "browser-messages": {
      "version": "1.0.1",
      "resolved": "https://registry.npmjs.org/browser-messages/-/browser-messages-1.0.1.tgz",
      "integrity": "sha512-UfLalhsr/4V4P6n6atcy44D6Bes4MrxYDPM78XW4p5lqlczFrpNbnVL439M/wdyXb1Oj3jZA1z09fCxcYkd4fQ=="
    },
    "concat-map": {
      "version": "0.0.1",
      "resolved": "https://registry.npmjs.org/concat-map/-/concat-map-0.0.1.tgz",
      "integrity": "sha1-2Klr13/Wjfd5OnMDajug1UBdR3s="
    },
    "cross-uuid": {
      "version": "1.0.0",
      "resolved": "https://registry.npmjs.org/cross-uuid/-/cross-uuid-1.0.0.tgz",
      "integrity": "sha512-nZ6B1j6PyYzYLusZs6Ik22tsulKZ5gLKQD5gFF203UHCadFqO0Fh+ez/Xfn9X4RB1N3qbW4o/pYHuLzTPIwcZA==",
      "requires": {
        "node-module-converter": "^1.0.0"
      }
    },
    "es-class-router": {
      "version": "1.0.2",
      "resolved": "https://registry.npmjs.org/es-class-router/-/es-class-router-1.0.2.tgz",
      "integrity": "sha512-iCz5UU3TYf+s4WeDI0SN7MkLCaeSUgYKBrmuXRX6nsYXFIGclM0+SpfvV5wQ2MkRw/aYG/ZASWO/RfTYwaMCgQ==",
      "requires": {
        "browser-messages": "^1.0.1",
        "safe-ops": "^1.0.1"
      }
    },
    "fs.realpath": {
      "version": "1.0.0",
      "resolved": "https://registry.npmjs.org/fs.realpath/-/fs.realpath-1.0.0.tgz",
      "integrity": "sha1-FQStJSMVjKpA20onh8sBQRmU6k8="
    },
    "glob": {
      "version": "7.1.6",
      "resolved": "https://registry.npmjs.org/glob/-/glob-7.1.6.tgz",
      "integrity": "sha512-LwaxwyZ72Lk7vZINtNNrywX0ZuLyStrdDtabefZKAY5ZGJhVtgdznluResxNmPitE0SAO+O26sWTHeKSI2wMBA==",
      "requires": {
        "fs.realpath": "^1.0.0",
        "inflight": "^1.0.4",
        "inherits": "2",
        "minimatch": "^3.0.4",
        "once": "^1.3.0",
        "path-is-absolute": "^1.0.0"
      }
    },
    "inflight": {
      "version": "1.0.6",
      "resolved": "https://registry.npmjs.org/inflight/-/inflight-1.0.6.tgz",
      "integrity": "sha1-Sb1jMdfQLQwJvJEKEHW6gWW1bfk=",
      "requires": {
        "once": "^1.3.0",
        "wrappy": "1"
      }
    },
    "inherits": {
      "version": "2.0.4",
      "resolved": "https://registry.npmjs.org/inherits/-/inherits-2.0.4.tgz",
      "integrity": "sha512-k/vGaX4/Yla3WzyMCvTQOXYeIHvqOKtnqBduzTHpzpQZzAskKMhZ2K+EnBiSM9zGSoIFeMpXKxa4dYeZIQqewQ=="
    },
    "minimatch": {
      "version": "3.0.4",
      "resolved": "https://registry.npmjs.org/minimatch/-/minimatch-3.0.4.tgz",
      "integrity": "sha512-yJHVQEhyqPLUTgt9B83PXu6W3rx4MvvHvSUvToogpwoGDOUQ+yDrR0HRot+yOCdCO7u4hX3pWft6kWBBcqh0UA==",
      "requires": {
        "brace-expansion": "^1.1.7"
      }
    },
    "mkdirp": {
      "version": "2.1.4",
      "resolved": "https://registry.npmjs.org/mkdirp/-/mkdirp-2.1.4.tgz",
      "integrity": "sha512-Cy9cV4pRSl1o10i1dURTuRt4T04l0DkS1WZrT+Jir886OqOVkSv4FbOA7pgjhS8kEUrmm4kCRvv5var2iOCxpA=="
    },
    "mkdirp-promise": {
      "version": "5.0.1",
      "resolved": "https://registry.npmjs.org/mkdirp-promise/-/mkdirp-promise-5.0.1.tgz",
      "integrity": "sha1-6bj2jlUsaKnBcTuEiD96HdA5uKE=",
      "requires": {
        "mkdirp": "*"
      }
    },
    "node-module-converter": {
      "version": "1.0.0",
      "resolved": "https://registry.npmjs.org/node-module-converter/-/node-module-converter-1.0.0.tgz",
      "integrity": "sha512-nh5f/9xrrekILF+q7/7cOC8JKqpEvsS1zp42BPidmqEBjiReejgo3ZQAmiaAYl1AEWg5lrtjsqwaIY6IN246EA==",
      "requires": {
        "mkdirp-promise": "^5.0.1",
        "recursive-readdir": "^2.2.2",
        "rimraf": "^2.6.3"
      }
    },
    "once": {
      "version": "1.4.0",
      "resolved": "https://registry.npmjs.org/once/-/once-1.4.0.tgz",
      "integrity": "sha1-WDsap3WWHUsROsF9nFC6753Xa9E=",
      "requires": {
        "wrappy": "1"
      }
    },
    "path-is-absolute": {
      "version": "1.0.1",
      "resolved": "https://registry.npmjs.org/path-is-absolute/-/path-is-absolute-1.0.1.tgz",
      "integrity": "sha1-F0uSaHNVNP+8es5r9TpanhtcX18="
    },
    "recursive-readdir": {
      "version": "2.2.2",
      "resolved": "https://registry.npmjs.org/recursive-readdir/-/recursive-readdir-2.2.2.tgz",
      "integrity": "sha512-nRCcW9Sj7NuZwa2XvH9co8NPeXUBhZP7CRKJtU+cS6PW9FpCIFoI5ib0NT1ZrbNuPoRy0ylyCaUL8Gih4LSyFg==",
      "requires": {
        "minimatch": "3.0.4"
      }
    },
    "rimraf": {
      "version": "2.7.1",
      "resolved": "https://registry.npmjs.org/rimraf/-/rimraf-2.7.1.tgz",
      "integrity": "sha512-uWjbaKIK3T1OSVptzX7Nl6PvQ3qAGtKEtVRjRuazjfL3Bx5eI409VZSqgND+4UNnmzLVdPj9FqFJNPqBZFve4w==",
      "requires": {
        "glob": "^7.1.3"
      }
    },
    "safe-ops": {
      "version": "1.0.1",
      "resolved": "https://registry.npmjs.org/safe-ops/-/safe-ops-1.0.1.tgz",
      "integrity": "sha512-mPn6tbfYERiRwZ3kJgrEUrQrVSxvA2mZL6I20jYgVNlu3/OcHUMcfSS2EyA3xSiPJ/c2WaLMQaVoOCCoPVJ1pA=="
    },
    "wrappy": {
      "version": "1.0.2",
      "resolved": "https://registry.npmjs.org/wrappy/-/wrappy-1.0.2.tgz",
      "integrity": "sha1-tSQ9jz7BqjXxNkYFvA0QNuMKtp8="
    }
  }
}
